{
  "name": "datingapp",
  "lockfileVersion": 2,
  "requires": true,
  "packages": {
    "": {
      "dependencies": {
        "ngx-timeago": "^2.0.0"
      }
    },
    "node_modules/@angular/core": {
      "version": "11.2.5",
      "resolved": "https://registry.npmjs.org/@angular/core/-/core-11.2.5.tgz",
      "integrity": "sha512-YL1+SNCKx2yFpn6ohC2VbPSguLzFtk+dTzujARN+BkaPJfrUDz08IgEVyeHMXLNCFFjxRKAsEaRTXGz5CEYFag==",
      "peer": true,
      "dependencies": {
        "tslib": "^2.0.0"
      },
      "peerDependencies": {
        "rxjs": "^6.5.3",
        "zone.js": "^0.10.2 || ^0.11.3"
      }
    },
    "node_modules/ngx-timeago": {
      "version": "2.0.0",
      "resolved": "https://registry.npmjs.org/ngx-timeago/-/ngx-timeago-2.0.0.tgz",
      "integrity": "sha512-5kQZeTPCkegEcSooUu3W0BSOwvxEt1q6zjodwEOYoW/FxETC8Bk1zQF1QOPZLS+Nu3GLA+g1oPXMVBonM+CYQQ==",
      "dependencies": {
        "tslib": "^2.0.0"
      },
      "peerDependencies": {
        "@angular/core": ">=10.0.0",
        "rxjs": ">=6.6.0"
      }
    },
    "node_modules/rxjs": {
      "version": "6.6.6",
      "resolved": "https://registry.npmjs.org/rxjs/-/rxjs-6.6.6.tgz",
      "integrity": "sha512-/oTwee4N4iWzAMAL9xdGKjkEHmIwupR3oXbQjCKywF1BeFohswF3vZdogbmEF6pZkOsXTzWkrZszrWpQTByYVg==",
      "peer": true,
      "dependencies": {
        "tslib": "^1.9.0"
      },
      "engines": {
        "npm": ">=2.0.0"
      }
    },
    "node_modules/rxjs/node_modules/tslib": {
      "version": "1.14.1",
      "resolved": "https://registry.npmjs.org/tslib/-/tslib-1.14.1.tgz",
      "integrity": "sha512-Xni35NKzjgMrwevysHTCArtLDpPvye8zV/0E4EyYn43P7/7qvQwPh9BGkHewbMulVntbigmcT7rdX3BNo9wRJg==",
      "peer": true
    },
    "node_modules/tslib": {
      "version": "2.1.0",
      "resolved": "https://registry.npmjs.org/tslib/-/tslib-2.1.0.tgz",
      "integrity": "sha512-hcVC3wYEziELGGmEEXue7D75zbwIIVUMWAVbHItGPx0ziyXxrOMQx4rQEVEV45Ut/1IotuEvwqPopzIOkDMf0A=="
    },
    "node_modules/zone.js": {
      "version": "0.11.4",
      "resolved": "https://registry.npmjs.org/zone.js/-/zone.js-0.11.4.tgz",
      "integrity": "sha512-DDh2Ab+A/B+9mJyajPjHFPWfYU1H+pdun4wnnk0OcQTNjem1XQSZ2CDW+rfZEUDjv5M19SBqAkjZi0x5wuB5Qw==",
      "peer": true,
      "dependencies": {
        "tslib": "^2.0.0"
      }
    }
  },
  "dependencies": {
    "@angular/core": {
      "version": "11.2.5",
      "resolved": "https://registry.npmjs.org/@angular/core/-/core-11.2.5.tgz",
      "integrity": "sha512-YL1+SNCKx2yFpn6ohC2VbPSguLzFtk+dTzujARN+BkaPJfrUDz08IgEVyeHMXLNCFFjxRKAsEaRTXGz5CEYFag==",
      "peer": true,
      "requires": {
        "tslib": "^2.0.0"
      }
    },
    "ngx-timeago": {
      "version": "2.0.0",
      "resolved": "https://registry.npmjs.org/ngx-timeago/-/ngx-timeago-2.0.0.tgz",
      "integrity": "sha512-5kQZeTPCkegEcSooUu3W0BSOwvxEt1q6zjodwEOYoW/FxETC8Bk1zQF1QOPZLS+Nu3GLA+g1oPXMVBonM+CYQQ==",
      "requires": {
        "tslib": "^2.0.0"
      }
    },
    "rxjs": {
      "version": "6.6.6",
      "resolved": "https://registry.npmjs.org/rxjs/-/rxjs-6.6.6.tgz",
      "integrity": "sha512-/oTwee4N4iWzAMAL9xdGKjkEHmIwupR3oXbQjCKywF1BeFohswF3vZdogbmEF6pZkOsXTzWkrZszrWpQTByYVg==",
      "peer": true,
      "requires": {
        "tslib": "^1.9.0"
      },
      "dependencies": {
        "tslib": {
          "version": "1.14.1",
          "resolved": "https://registry.npmjs.org/tslib/-/tslib-1.14.1.tgz",
          "integrity": "sha512-Xni35NKzjgMrwevysHTCArtLDpPvye8zV/0E4EyYn43P7/7qvQwPh9BGkHewbMulVntbigmcT7rdX3BNo9wRJg==",
          "peer": true
        }
      }
    },
    "tslib": {
      "version": "2.1.0",
      "resolved": "https://registry.npmjs.org/tslib/-/tslib-2.1.0.tgz",
      "integrity": "sha512-hcVC3wYEziELGGmEEXue7D75zbwIIVUMWAVbHItGPx0ziyXxrOMQx4rQEVEV45Ut/1IotuEvwqPopzIOkDMf0A=="
    },
    "zone.js": {
      "version": "0.11.4",
      "resolved": "https://registry.npmjs.org/zone.js/-/zone.js-0.11.4.tgz",
      "integrity": "sha512-DDh2Ab+A/B+9mJyajPjHFPWfYU1H+pdun4wnnk0OcQTNjem1XQSZ2CDW+rfZEUDjv5M19SBqAkjZi0x5wuB5Qw==",
      "peer": true,
      "requires": {
        "tslib": "^2.0.0"
      }
    }
  }
}
